
Microsoft Visual Studio Solution File, Format Version 12.00
# Visual Studio Version 17
VisualStudioVersion = 17.7.34031.279
MinimumVisualStudioVersion = 10.0.40219.1
Project("{9A19103F-16F7-4668-BE54-9A1E7A4F7556}") = "BWT", "BWT\BWT.csproj", "{10EB0644-7DB3-4237-9A89-FB0CA5FD7AF0}"
EndProject
Project("{9A19103F-16F7-4668-BE54-9A1E7A4F7556}") = "BWTTests", "BWTTests\BWTTests.csproj", "{DE7631F4-42CA-46D1-AC88-04375B8C66FB}"
EndProject
Global
	GlobalSection(SolutionConfigurationPlatforms) = preSolution
		Debug|Any CPU = Debug|Any CPU
		Release|Any CPU = Release|Any CPU
	EndGlobalSection
	GlobalSection(ProjectConfigurationPlatforms) = postSolution
		{10EB0644-7DB3-4237-9A89-FB0CA5FD7AF0}.Debug|Any CPU.ActiveCfg = Debug|Any CPU
		{10EB0644-7DB3-4237-9A89-FB0CA5FD7AF0}.Debug|Any CPU.Build.0 = Debug|Any CPU
		{10EB0644-7DB3-4237-9A89-FB0CA5FD7AF0}.Release|Any CPU.ActiveCfg = Release|Any CPU
		{10EB0644-7DB3-4237-9A89-FB0CA5FD7AF0}.Release|Any CPU.Build.0 = Release|Any CPU
		{DE7631F4-42CA-46D1-AC88-04375B8C66FB}.Debug|Any CPU.ActiveCfg = Debug|Any CPU
		{DE7631F4-42CA-46D1-AC88-04375B8C66FB}.Debug|Any CPU.Build.0 = Debug|Any CPU
		{DE7631F4-42CA-46D1-AC88-04375B8C66FB}.Release|Any CPU.ActiveCfg = Release|Any CPU
		{DE7631F4-42CA-46D1-AC88-04375B8C66FB}.Release|Any CPU.Build.0 = Release|Any CPU
	EndGlobalSection
	GlobalSection(SolutionProperties) = preSolution
		HideSolutionNode = FALSE
	EndGlobalSection
	GlobalSection(ExtensibilityGlobals) = postSolution
		SolutionGuid = {65243B41-4925-4D83-83B9-D338FAFD0647}
	EndGlobalSection
EndGlobal
